
Microsoft Visual Studio Solution File, Format Version 12.00
# Visual Studio Version 16
VisualStudioVersion = 16.0.32228.343
MinimumVisualStudioVersion = 10.0.40219.1
Project("{9A19103F-16F7-4668-BE54-9A1E7A4F7556}") = "BackendDsmaq", "BackendDsmaq\BackendDsmaq.csproj", "{58306C68-5AB3-417C-89BF-2A1CFA9DC69A}"
EndProject
Global
	GlobalSection(SolutionConfigurationPlatforms) = preSolution
		Debug|Any CPU = Debug|Any CPU
		Release|Any CPU = Release|Any CPU
	EndGlobalSection
	GlobalSection(ProjectConfigurationPlatforms) = postSolution
		{58306C68-5AB3-417C-89BF-2A1CFA9DC69A}.Debug|Any CPU.ActiveCfg = Debug|Any CPU
		{58306C68-5AB3-417C-89BF-2A1CFA9DC69A}.Debug|Any CPU.Build.0 = Debug|Any CPU
		{58306C68-5AB3-417C-89BF-2A1CFA9DC69A}.Release|Any CPU.ActiveCfg = Release|Any CPU
		{58306C68-5AB3-417C-89BF-2A1CFA9DC69A}.Release|Any CPU.Build.0 = Release|Any CPU
	EndGlobalSection
	GlobalSection(SolutionProperties) = preSolution
		HideSolutionNode = FALSE
	EndGlobalSection
	GlobalSection(ExtensibilityGlobals) = postSolution
		SolutionGuid = {58D63E18-75ED-45AD-A0AA-3547FE65B1E0}
	EndGlobalSection
EndGlobal
